
Microsoft Visual Studio Solution File, Format Version 12.00
# Visual Studio Version 16
VisualStudioVersion = 16.0.31727.386
MinimumVisualStudioVersion = 10.0.40219.1
Project("{8BC9CEB8-8B4A-11D0-8D11-00A0C91BC942}") = "CppCode", "CppCode\CppCode.vcxproj", "{B60A401B-8C7C-4FAB-BE8D-41998C5F10A2}"
EndProject
Project("{8BC9CEB8-8B4A-11D0-8D11-00A0C91BC942}") = "MaxValue", "MaxValue\MaxValue.vcxproj", "{1E2FA02B-51C6-475A-964C-1FCE62FDE22F}"
EndProject
Project("{8BC9CEB8-8B4A-11D0-8D11-00A0C91BC942}") = "SimplePt", "SimplePt\SimplePt.vcxproj", "{B6186C46-8B93-4C5E-A8E6-C48CB6FFB3D6}"
EndProject
Project("{8BC9CEB8-8B4A-11D0-8D11-00A0C91BC942}") = "ArrayPtr", "ArrayPtr\ArrayPtr.vcxproj", "{D477BD6E-8A35-4659-AEF1-612CEE78B502}"
EndProject
Project("{8BC9CEB8-8B4A-11D0-8D11-00A0C91BC942}") = "ConvFtoC", "ConvFtoC\ConvFtoC.vcxproj", "{756652C4-CFFF-48E4-BA8E-667EDB113B74}"
EndProject
Project("{8BC9CEB8-8B4A-11D0-8D11-00A0C91BC942}") = "Swapint", "Swapint\Swapint.vcxproj", "{BAF700CF-B04D-4E30-BE80-65D4E027A69A}"
EndProject
Project("{8BC9CEB8-8B4A-11D0-8D11-00A0C91BC942}") = "PrintRec", "PrintRec\PrintRec.vcxproj", "{675C16B1-140B-4EE2-818E-AE9E05B4DDA9}"
EndProject
Project("{8BC9CEB8-8B4A-11D0-8D11-00A0C91BC942}") = "Round", "Round\Round.vcxproj", "{5DE0F5E1-EA93-4FDE-B398-052EB81FD3EB}"
EndProject
Project("{8BC9CEB8-8B4A-11D0-8D11-00A0C91BC942}") = "TimeCalc", "TimeCalc\TimeCalc.vcxproj", "{9B565B7F-FFB3-4623-9E14-8A34CF79D177}"
EndProject
Project("{8BC9CEB8-8B4A-11D0-8D11-00A0C91BC942}") = "SwapInline", "SwapInline\SwapInline.vcxproj", "{0A6B44D7-869B-4F19-90BD-0389BE2C0FDD}"
EndProject
Project("{8BC9CEB8-8B4A-11D0-8D11-00A0C91BC942}") = "Counter", "Counter\Counter.vcxproj", "{71909FD1-E3E5-496F-AF8E-9A3EA09114DA}"
EndProject
Project("{8BC9CEB8-8B4A-11D0-8D11-00A0C91BC942}") = "Person", "Person\Person.vcxproj", "{AE95F98D-38EC-4789-8D0B-D4B23DD82731}"
EndProject
Project("{8BC9CEB8-8B4A-11D0-8D11-00A0C91BC942}") = "VecF", "VecF\VecF.vcxproj", "{317114C3-427B-415C-8AD9-887B30F119BD}"
EndProject
Global
	GlobalSection(SolutionConfigurationPlatforms) = preSolution
		Debug|x64 = Debug|x64
		Debug|x86 = Debug|x86
		Release|x64 = Release|x64
		Release|x86 = Release|x86
	EndGlobalSection
	GlobalSection(ProjectConfigurationPlatforms) = postSolution
		{B60A401B-8C7C-4FAB-BE8D-41998C5F10A2}.Debug|x64.ActiveCfg = Debug|x64
		{B60A401B-8C7C-4FAB-BE8D-41998C5F10A2}.Debug|x64.Build.0 = Debug|x64
		{B60A401B-8C7C-4FAB-BE8D-41998C5F10A2}.Debug|x86.ActiveCfg = Debug|Win32
		{B60A401B-8C7C-4FAB-BE8D-41998C5F10A2}.Debug|x86.Build.0 = Debug|Win32
		{B60A401B-8C7C-4FAB-BE8D-41998C5F10A2}.Release|x64.ActiveCfg = Release|x64
		{B60A401B-8C7C-4FAB-BE8D-41998C5F10A2}.Release|x64.Build.0 = Release|x64
		{B60A401B-8C7C-4FAB-BE8D-41998C5F10A2}.Release|x86.ActiveCfg = Release|Win32
		{B60A401B-8C7C-4FAB-BE8D-41998C5F10A2}.Release|x86.Build.0 = Release|Win32
		{1E2FA02B-51C6-475A-964C-1FCE62FDE22F}.Debug|x64.ActiveCfg = Debug|x64
		{1E2FA02B-51C6-475A-964C-1FCE62FDE22F}.Debug|x64.Build.0 = Debug|x64
		{1E2FA02B-51C6-475A-964C-1FCE62FDE22F}.Debug|x86.ActiveCfg = Debug|Win32
		{1E2FA02B-51C6-475A-964C-1FCE62FDE22F}.Debug|x86.Build.0 = Debug|Win32
		{1E2FA02B-51C6-475A-964C-1FCE62FDE22F}.Release|x64.ActiveCfg = Release|x64
		{1E2FA02B-51C6-475A-964C-1FCE62FDE22F}.Release|x64.Build.0 = Release|x64
		{1E2FA02B-51C6-475A-964C-1FCE62FDE22F}.Release|x86.ActiveCfg = Release|Win32
		{1E2FA02B-51C6-475A-964C-1FCE62FDE22F}.Release|x86.Build.0 = Release|Win32
		{B6186C46-8B93-4C5E-A8E6-C48CB6FFB3D6}.Debug|x64.ActiveCfg = Debug|x64
		{B6186C46-8B93-4C5E-A8E6-C48CB6FFB3D6}.Debug|x64.Build.0 = Debug|x64
		{B6186C46-8B93-4C5E-A8E6-C48CB6FFB3D6}.Debug|x86.ActiveCfg = Debug|Win32
		{B6186C46-8B93-4C5E-A8E6-C48CB6FFB3D6}.Debug|x86.Build.0 = Debug|Win32
		{B6186C46-8B93-4C5E-A8E6-C48CB6FFB3D6}.Release|x64.ActiveCfg = Release|x64
		{B6186C46-8B93-4C5E-A8E6-C48CB6FFB3D6}.Release|x64.Build.0 = Release|x64
		{B6186C46-8B93-4C5E-A8E6-C48CB6FFB3D6}.Release|x86.ActiveCfg = Release|Win32
		{B6186C46-8B93-4C5E-A8E6-C48CB6FFB3D6}.Release|x86.Build.0 = Release|Win32
		{D477BD6E-8A35-4659-AEF1-612CEE78B502}.Debug|x64.ActiveCfg = Debug|x64
		{D477BD6E-8A35-4659-AEF1-612CEE78B502}.Debug|x64.Build.0 = Debug|x64
		{D477BD6E-8A35-4659-AEF1-612CEE78B502}.Debug|x86.ActiveCfg = Debug|Win32
		{D477BD6E-8A35-4659-AEF1-612CEE78B502}.Debug|x86.Build.0 = Debug|Win32
		{D477BD6E-8A35-4659-AEF1-612CEE78B502}.Release|x64.ActiveCfg = Release|x64
		{D477BD6E-8A35-4659-AEF1-612CEE78B502}.Release|x64.Build.0 = Release|x64
		{D477BD6E-8A35-4659-AEF1-612CEE78B502}.Release|x86.ActiveCfg = Release|Win32
		{D477BD6E-8A35-4659-AEF1-612CEE78B502}.Release|x86.Build.0 = Release|Win32
		{756652C4-CFFF-48E4-BA8E-667EDB113B74}.Debug|x64.ActiveCfg = Debug|x64
		{756652C4-CFFF-48E4-BA8E-667EDB113B74}.Debug|x64.Build.0 = Debug|x64
		{756652C4-CFFF-48E4-BA8E-667EDB113B74}.Debug|x86.ActiveCfg = Debug|Win32
		{756652C4-CFFF-48E4-BA8E-667EDB113B74}.Debug|x86.Build.0 = Debug|Win32
		{756652C4-CFFF-48E4-BA8E-667EDB113B74}.Release|x64.ActiveCfg = Release|x64
		{756652C4-CFFF-48E4-BA8E-667EDB113B74}.Release|x64.Build.0 = Release|x64
		{756652C4-CFFF-48E4-BA8E-667EDB113B74}.Release|x86.ActiveCfg = Release|Win32
		{756652C4-CFFF-48E4-BA8E-667EDB113B74}.Release|x86.Build.0 = Release|Win32
		{BAF700CF-B04D-4E30-BE80-65D4E027A69A}.Debug|x64.ActiveCfg = Debug|x64
		{BAF700CF-B04D-4E30-BE80-65D4E027A69A}.Debug|x64.Build.0 = Debug|x64
		{BAF700CF-B04D-4E30-BE80-65D4E027A69A}.Debug|x86.ActiveCfg = Debug|Win32
		{BAF700CF-B04D-4E30-BE80-65D4E027A69A}.Debug|x86.Build.0 = Debug|Win32
		{BAF700CF-B04D-4E30-BE80-65D4E027A69A}.Release|x64.ActiveCfg = Release|x64
		{BAF700CF-B04D-4E30-BE80-65D4E027A69A}.Release|x64.Build.0 = Release|x64
		{BAF700CF-B04D-4E30-BE80-65D4E027A69A}.Release|x86.ActiveCfg = Release|Win32
		{BAF700CF-B04D-4E30-BE80-65D4E027A69A}.Release|x86.Build.0 = Release|Win32
		{675C16B1-140B-4EE2-818E-AE9E05B4DDA9}.Debug|x64.ActiveCfg = Debug|x64
		{675C16B1-140B-4EE2-818E-AE9E05B4DDA9}.Debug|x64.Build.0 = Debug|x64
		{675C16B1-140B-4EE2-818E-AE9E05B4DDA9}.Debug|x86.ActiveCfg = Debug|Win32
		{675C16B1-140B-4EE2-818E-AE9E05B4DDA9}.Debug|x86.Build.0 = Debug|Win32
		{675C16B1-140B-4EE2-818E-AE9E05B4DDA9}.Release|x64.ActiveCfg = Release|x64
		{675C16B1-140B-4EE2-818E-AE9E05B4DDA9}.Release|x64.Build.0 = Release|x64
		{675C16B1-140B-4EE2-818E-AE9E05B4DDA9}.Release|x86.ActiveCfg = Release|Win32
		{675C16B1-140B-4EE2-818E-AE9E05B4DDA9}.Release|x86.Build.0 = Release|Win32
		{5DE0F5E1-EA93-4FDE-B398-052EB81FD3EB}.Debug|x64.ActiveCfg = Debug|x64
		{5DE0F5E1-EA93-4FDE-B398-052EB81FD3EB}.Debug|x64.Build.0 = Debug|x64
		{5DE0F5E1-EA93-4FDE-B398-052EB81FD3EB}.Debug|x86.ActiveCfg = Debug|Win32
		{5DE0F5E1-EA93-4FDE-B398-052EB81FD3EB}.Debug|x86.Build.0 = Debug|Win32
		{5DE0F5E1-EA93-4FDE-B398-052EB81FD3EB}.Release|x64.ActiveCfg = Release|x64
		{5DE0F5E1-EA93-4FDE-B398-052EB81FD3EB}.Release|x64.Build.0 = Release|x64
		{5DE0F5E1-EA93-4FDE-B398-052EB81FD3EB}.Release|x86.ActiveCfg = Release|Win32
		{5DE0F5E1-EA93-4FDE-B398-052EB81FD3EB}.Release|x86.Build.0 = Release|Win32
		{9B565B7F-FFB3-4623-9E14-8A34CF79D177}.Debug|x64.ActiveCfg = Debug|x64
		{9B565B7F-FFB3-4623-9E14-8A34CF79D177}.Debug|x64.Build.0 = Debug|x64
		{9B565B7F-FFB3-4623-9E14-8A34CF79D177}.Debug|x86.ActiveCfg = Debug|Win32
		{9B565B7F-FFB3-4623-9E14-8A34CF79D177}.Debug|x86.Build.0 = Debug|Win32
		{9B565B7F-FFB3-4623-9E14-8A34CF79D177}.Release|x64.ActiveCfg = Release|x64
		{9B565B7F-FFB3-4623-9E14-8A34CF79D177}.Release|x64.Build.0 = Release|x64
		{9B565B7F-FFB3-4623-9E14-8A34CF79D177}.Release|x86.ActiveCfg = Release|Win32
		{9B565B7F-FFB3-4623-9E14-8A34CF79D177}.Release|x86.Build.0 = Release|Win32
		{0A6B44D7-869B-4F19-90BD-0389BE2C0FDD}.Debug|x64.ActiveCfg = Debug|x64
		{0A6B44D7-869B-4F19-90BD-0389BE2C0FDD}.Debug|x64.Build.0 = Debug|x64
		{0A6B44D7-869B-4F19-90BD-0389BE2C0FDD}.Debug|x86.ActiveCfg = Debug|Win32
		{0A6B44D7-869B-4F19-90BD-0389BE2C0FDD}.Debug|x86.Build.0 = Debug|Win32
		{0A6B44D7-869B-4F19-90BD-0389BE2C0FDD}.Release|x64.ActiveCfg = Release|x64
		{0A6B44D7-869B-4F19-90BD-0389BE2C0FDD}.Release|x64.Build.0 = Release|x64
		{0A6B44D7-869B-4F19-90BD-0389BE2C0FDD}.Release|x86.ActiveCfg = Release|Win32
		{0A6B44D7-869B-4F19-90BD-0389BE2C0FDD}.Release|x86.Build.0 = Release|Win32
		{71909FD1-E3E5-496F-AF8E-9A3EA09114DA}.Debug|x64.ActiveCfg = Debug|x64
		{71909FD1-E3E5-496F-AF8E-9A3EA09114DA}.Debug|x64.Build.0 = Debug|x64
		{71909FD1-E3E5-496F-AF8E-9A3EA09114DA}.Debug|x86.ActiveCfg = Debug|Win32
		{71909FD1-E3E5-496F-AF8E-9A3EA09114DA}.Debug|x86.Build.0 = Debug|Win32
		{71909FD1-E3E5-496F-AF8E-9A3EA09114DA}.Release|x64.ActiveCfg = Release|x64
		{71909FD1-E3E5-496F-AF8E-9A3EA09114DA}.Release|x64.Build.0 = Release|x64
		{71909FD1-E3E5-496F-AF8E-9A3EA09114DA}.Release|x86.ActiveCfg = Release|Win32
		{71909FD1-E3E5-496F-AF8E-9A3EA09114DA}.Release|x86.Build.0 = Release|Win32
		{AE95F98D-38EC-4789-8D0B-D4B23DD82731}.Debug|x64.ActiveCfg = Debug|x64
		{AE95F98D-38EC-4789-8D0B-D4B23DD82731}.Debug|x64.Build.0 = Debug|x64
		{AE95F98D-38EC-4789-8D0B-D4B23DD82731}.Debug|x86.ActiveCfg = Debug|Win32
		{AE95F98D-38EC-4789-8D0B-D4B23DD82731}.Debug|x86.Build.0 = Debug|Win32
		{AE95F98D-38EC-4789-8D0B-D4B23DD82731}.Release|x64.ActiveCfg = Release|x64
		{AE95F98D-38EC-4789-8D0B-D4B23DD82731}.Release|x64.Build.0 = Release|x64
		{AE95F98D-38EC-4789-8D0B-D4B23DD82731}.Release|x86.ActiveCfg = Release|Win32
		{AE95F98D-38EC-4789-8D0B-D4B23DD82731}.Release|x86.Build.0 = Release|Win32
		{317114C3-427B-415C-8AD9-887B30F119BD}.Debug|x64.ActiveCfg = Debug|x64
		{317114C3-427B-415C-8AD9-887B30F119BD}.Debug|x64.Build.0 = Debug|x64
		{317114C3-427B-415C-8AD9-887B30F119BD}.Debug|x86.ActiveCfg = Debug|Win32
		{317114C3-427B-415C-8AD9-887B30F119BD}.Debug|x86.Build.0 = Debug|Win32
		{317114C3-427B-415C-8AD9-887B30F119BD}.Release|x64.ActiveCfg = Release|x64
		{317114C3-427B-415C-8AD9-887B30F119BD}.Release|x64.Build.0 = Release|x64
		{317114C3-427B-415C-8AD9-887B30F119BD}.Release|x86.ActiveCfg = Release|Win32
		{317114C3-427B-415C-8AD9-887B30F119BD}.Release|x86.Build.0 = Release|Win32
	EndGlobalSection
	GlobalSection(SolutionProperties) = preSolution
		HideSolutionNode = FALSE
	EndGlobalSection
	GlobalSection(ExtensibilityGlobals) = postSolution
		SolutionGuid = {CD3AD103-3D51-41B6-9F7A-AEB261FA31AC}
	EndGlobalSection
EndGlobal
